// !$*UTF8*$!
{
	archiveVersion = 1;
	classes = {
	};
	objectVersion = 46;
	objects = {

/* Begin PBXBuildFile section */
		AD112B041F1CBFC1005FE695 /* bangles.png in Resources */ = {isa = PBXBuildFile; fileRef = AD112B031F1CBFC1005FE695 /* bangles.png */; };
		AD7B73611F189E5C0001F879 /* main.m in Sources */ = {isa = PBXBuildFile; fileRef = AD7B73601F189E5C0001F879 /* main.m */; };
		AD7B73641F189E5C0001F879 /* AppDelegate.m in Sources */ = {isa = PBXBuildFile; fileRef = AD7B73631F189E5C0001F879 /* AppDelegate.m */; };
		AD7B73671F189E5C0001F879 /* ViewController.m in Sources */ = {isa = PBXBuildFile; fileRef = AD7B73661F189E5C0001F879 /* ViewController.m */; };
		AD7B736A1F189E5C0001F879 /* Main.storyboard in Resources */ = {isa = PBXBuildFile; fileRef = AD7B73681F189E5C0001F879 /* Main.storyboard */; };
		AD7B736C1F189E5C0001F879 /* Assets.xcassets in Resources */ = {isa = PBXBuildFile; fileRef = AD7B736B1F189E5C0001F879 /* Assets.xcassets */; };
		AD7B736F1F189E5C0001F879 /* LaunchScreen.storyboard in Resources */ = {isa = PBXBuildFile; fileRef = AD7B736D1F189E5C0001F879 /* LaunchScreen.storyboard */; };
		AD7B737A1F18A5900001F879 /* CoreText.framework in Frameworks */ = {isa = PBXBuildFile; fileRef = AD7B73791F18A5900001F879 /* CoreText.framework */; };
		AD7B737C1F18A8E20001F879 /* ring.jpg in Resources */ = {isa = PBXBuildFile; fileRef = AD7B737B1F18A8E20001F879 /* ring.jpg */; };
		AD7B73991F18FE110001F879 /* MyPDFGenerator.m in Sources */ = {isa = PBXBuildFile; fileRef = AD7B73961F18FE110001F879 /* MyPDFGenerator.m */; };
		AD7B739A1F18FE110001F879 /* NSString+VisibleText.m in Sources */ = {isa = PBXBuildFile; fileRef = AD7B73981F18FE110001F879 /* NSString+VisibleText.m */; };
/* End PBXBuildFile section */

/* Begin PBXFileReference section */
		AD112B031F1CBFC1005FE695 /* bangles.png */ = {isa = PBXFileReference; lastKnownFileType = image.png; path = bangles.png; sourceTree = "<group>"; };
		AD7B735C1F189E5C0001F879 /* CreatePDF.app */ = {isa = PBXFileReference; explicitFileType = wrapper.application; includeInIndex = 0; path = CreatePDF.app; sourceTree = BUILT_PRODUCTS_DIR; };
		AD7B73601F189E5C0001F879 /* main.m */ = {isa = PBXFileReference; lastKnownFileType = sourcecode.c.objc; path = main.m; sourceTree = "<group>"; };
		AD7B73621F189E5C0001F879 /* AppDelegate.h */ = {isa = PBXFileReference; lastKnownFileType = sourcecode.c.h; path = AppDelegate.h; sourceTree = "<group>"; };
		AD7B73631F189E5C0001F879 /* AppDelegate.m */ = {isa = PBXFileReference; lastKnownFileType = sourcecode.c.objc; path = AppDelegate.m; sourceTree = "<group>"; };
		AD7B73651F189E5C0001F879 /* ViewController.h */ = {isa = PBXFileReference; lastKnownFileType = sourcecode.c.h; path = ViewController.h; sourceTree = "<group>"; };
		AD7B73661F189E5C0001F879 /* ViewController.m */ = {isa = PBXFileReference; lastKnownFileType = sourcecode.c.objc; path = ViewController.m; sourceTree = "<group>"; };
		AD7B73691F189E5C0001F879 /* Base */ = {isa = PBXFileReference; lastKnownFileType = file.storyboard; name = Base; path = Base.lproj/Main.storyboard; sourceTree = "<group>"; };
		AD7B736B1F189E5C0001F879 /* Assets.xcassets */ = {isa = PBXFileReference; lastKnownFileType = folder.assetcatalog; path = Assets.xcassets; sourceTree = "<group>"; };
		AD7B736E1F189E5C0001F879 /* Base */ = {isa = PBXFileReference; lastKnownFileType = file.storyboard; name = Base; path = Base.lproj/LaunchScreen.storyboard; sourceTree = "<group>"; };
		AD7B73701F189E5C0001F879 /* Info.plist */ = {isa = PBXFileReference; lastKnownFileType = text.plist.xml; path = Info.plist; sourceTree = "<group>"; };
		AD7B73791F18A5900001F879 /* CoreText.framework */ = {isa = PBXFileReference; lastKnownFileType = wrapper.framework; name = CoreText.framework; path = System/Library/Frameworks/CoreText.framework; sourceTree = SDKROOT; };
		AD7B737B1F18A8E20001F879 /* ring.jpg */ = {isa = PBXFileReference; lastKnownFileType = image.jpeg; path = ring.jpg; sourceTree = "<group>"; };
		AD7B73951F18FE110001F879 /* MyPDFGenerator.h */ = {isa = PBXFileReference; fileEncoding = 4; lastKnownFileType = sourcecode.c.h; path = MyPDFGenerator.h; sourceTree = "<group>"; };
		AD7B73961F18FE110001F879 /* MyPDFGenerator.m */ = {isa = PBXFileReference; fileEncoding = 4; lastKnownFileType = sourcecode.c.objc; path = MyPDFGenerator.m; sourceTree = "<group>"; };
		AD7B73971F18FE110001F879 /* NSString+VisibleText.h */ = {isa = PBXFileReference; fileEncoding = 4; lastKnownFileType = sourcecode.c.h; path = "NSString+VisibleText.h"; sourceTree = "<group>"; };
		AD7B73981F18FE110001F879 /* NSString+VisibleText.m */ = {isa = PBXFileReference; fileEncoding = 4; lastKnownFileType = sourcecode.c.objc; path = "NSString+VisibleText.m"; sourceTree = "<group>"; };
/* End PBXFileReference section */

/* Begin PBXFrameworksBuildPhase section */
		AD7B73591F189E5C0001F879 /* Frameworks */ = {
			isa = PBXFrameworksBuildPhase;
			buildActionMask = 2147483647;
			files = (
				AD7B737A1F18A5900001F879 /* CoreText.framework in Frameworks */,
			);
			runOnlyForDeploymentPostprocessing = 0;
		};
/* End PBXFrameworksBuildPhase section */

/* Begin PBXGroup section */
		AD7B73531F189E5C0001F879 = {
			isa = PBXGroup;
			children = (
				AD7B735E1F189E5C0001F879 /* CreatePDF */,
				AD7B735D1F189E5C0001F879 /* Products */,
				AD7B73781F18A5900001F879 /* Frameworks */,
			);
			sourceTree = "<group>";
		};
		AD7B735D1F189E5C0001F879 /* Products */ = {
			isa = PBXGroup;
			children = (
				AD7B735C1F189E5C0001F879 /* CreatePDF.app */,
			);
			name = Products;
			sourceTree = "<group>";
		};
		AD7B735E1F189E5C0001F879 /* CreatePDF */ = {
			isa = PBXGroup;
			children = (
				AD112B031F1CBFC1005FE695 /* bangles.png */,
				AD7B73621F189E5C0001F879 /* AppDelegate.h */,
				AD7B73631F189E5C0001F879 /* AppDelegate.m */,
				AD7B73651F189E5C0001F879 /* ViewController.h */,
				AD7B73661F189E5C0001F879 /* ViewController.m */,
				AD7B73681F189E5C0001F879 /* Main.storyboard */,
				AD7B736B1F189E5C0001F879 /* Assets.xcassets */,
				AD7B736D1F189E5C0001F879 /* LaunchScreen.storyboard */,
				AD7B73701F189E5C0001F879 /* Info.plist */,
				AD7B73951F18FE110001F879 /* MyPDFGenerator.h */,
				AD7B73961F18FE110001F879 /* MyPDFGenerator.m */,
				AD7B73971F18FE110001F879 /* NSString+VisibleText.h */,
				AD7B73981F18FE110001F879 /* NSString+VisibleText.m */,
				AD7B735F1F189E5C0001F879 /* Supporting Files */,
			);
			path = CreatePDF;
			sourceTree = "<group>";
		};
		AD7B735F1F189E5C0001F879 /* Supporting Files */ = {
			isa = PBXGroup;
			children = (
				AD7B737B1F18A8E20001F879 /* ring.jpg */,
				AD7B73601F189E5C0001F879 /* main.m */,
			);
			name = "Supporting Files";
			sourceTree = "<group>";
		};
		AD7B73781F18A5900001F879 /* Frameworks */ = {
			isa = PBXGroup;
			children = (
				AD7B73791F18A5900001F879 /* CoreText.framework */,
			);
			name = Frameworks;
			sourceTree = "<group>";
		};
/* End PBXGroup section */

/* Begin PBXNativeTarget section */
		AD7B735B1F189E5C0001F879 /* CreatePDF */ = {
			isa = PBXNativeTarget;
			buildConfigurationList = AD7B73731F189E5C0001F879 /* Build configuration list for PBXNativeTarget "CreatePDF" */;
			buildPhases = (
				AD7B73581F189E5C0001F879 /* Sources */,
				AD7B73591F189E5C0001F879 /* Frameworks */,
				AD7B735A1F189E5C0001F879 /* Resources */,
			);
			buildRules = (
			);
			dependencies = (
			);
			name = CreatePDF;
			productName = CreatePDF;
			productReference = AD7B735C1F189E5C0001F879 /* CreatePDF.app */;
			productType = "com.apple.product-type.application";
		};
/* End PBXNativeTarget section */

/* Begin PBXProject section */
		AD7B73541F189E5C0001F879 /* Project object */ = {
			isa = PBXProject;
			attributes = {
				LastUpgradeCheck = 0830;
				ORGANIZATIONNAME = "Vishal Kalola";
				TargetAttributes = {
					AD7B735B1F189E5C0001F879 = {
						CreatedOnToolsVersion = 8.3;
						ProvisioningStyle = Automatic;
					};
				};
			};
			buildConfigurationList = AD7B73571F189E5C0001F879 /* Build configuration list for PBXProject "CreatePDF" */;
			compatibilityVersion = "Xcode 3.2";
			developmentRegion = English;
			hasScannedForEncodings = 0;
			knownRegions = (
				en,
				Base,
			);
			mainGroup = AD7B73531F189E5C0001F879;
			productRefGroup = AD7B735D1F189E5C0001F879 /* Products */;
			projectDirPath = "";
			projectRoot = "";
			targets = (
				AD7B735B1F189E5C0001F879 /* CreatePDF */,
			);
		};
/* End PBXProject section */

/* Begin PBXResourcesBuildPhase section */
		AD7B735A1F189E5C0001F879 /* Resources */ = {
			isa = PBXResourcesBuildPhase;
			buildActionMask = 2147483647;
			files = (
				AD7B736F1F189E5C0001F879 /* LaunchScreen.storyboard in Resources */,
				AD7B737C1F18A8E20001F879 /* ring.jpg in Resources */,
				AD7B736C1F189E5C0001F879 /* Assets.xcassets in Resources */,
				AD112B041F1CBFC1005FE695 /* bangles.png in Resources */,
				AD7B736A1F189E5C0001F879 /* Main.storyboard in Resources */,
			);
			runOnlyForDeploymentPostprocessing = 0;
		};
/* End PBXResourcesBuildPhase section */

/* Begin PBXSourcesBuildPhase section */
		AD7B73581F189E5C0001F879 /* Sources */ = {
			isa = PBXSourcesBuildPhase;
			buildActionMask = 2147483647;
			files = (
				AD7B73671F189E5C0001F879 /* ViewController.m in Sources */,
				AD7B73991F18FE110001F879 /* MyPDFGenerator.m in Sources */,
				AD7B739A1F18FE110001F879 /* NSString+VisibleText.m in Sources */,
				AD7B73641F189E5C0001F879 /* AppDelegate.m in Sources */,
				AD7B73611F189E5C0001F879 /* main.m in Sources */,
			);
			runOnlyForDeploymentPostprocessing = 0;
		};
/* End PBXSourcesBuildPhase section */

/* Begin PBXVariantGroup section */
		AD7B73681F189E5C0001F879 /* Main.storyboard */ = {
			isa = PBXVariantGroup;
			children = (
				AD7B73691F189E5C0001F879 /* Base */,
			);
			name = Main.storyboard;
			sourceTree = "<group>";
		};
		AD7B736D1F189E5C0001F879 /* LaunchScreen.storyboard */ = {
			isa = PBXVariantGroup;
			children = (
				AD7B736E1F189E5C0001F879 /* Base */,
			);
			name = LaunchScreen.storyboard;
			sourceTree = "<group>";
		};
/* End PBXVariantGroup section */

/* Begin XCBuildConfiguration section */
		AD7B73711F189E5C0001F879 /* Debug */ = {
			isa = XCBuildConfiguration;
			buildSettings = {
				ALWAYS_SEARCH_USER_PATHS = NO;
				CLANG_ANALYZER_NONNULL = YES;
				CLANG_ANALYZER_NUMBER_OBJECT_CONVERSION = YES_AGGRESSIVE;
				CLANG_CXX_LANGUAGE_STANDARD = "gnu++0x";
				CLANG_CXX_LIBRARY = "libc++";
				CLANG_ENABLE_MODULES = YES;
				CLANG_ENABLE_OBJC_ARC = YES;
				CLANG_WARN_BOOL_CONVERSION = YES;
				CLANG_WARN_CONSTANT_CONVERSION = YES;
				CLANG_WARN_DIRECT_OBJC_ISA_USAGE = YES_ERROR;
				CLANG_WARN_DOCUMENTATION_COMMENTS = YES;
				CLANG_WARN_EMPTY_BODY = YES;
				CLANG_WARN_ENUM_CONVERSION = YES;
				CLANG_WARN_INFINITE_RECURSION = YES;
				CLANG_WARN_INT_CONVERSION = YES;
				CLANG_WARN_OBJC_ROOT_CLASS = YES_ERROR;
				CLANG_WARN_SUSPICIOUS_MOVE = YES;
				CLANG_WARN_UNREACHABLE_CODE = YES;
				CLANG_WARN__DUPLICATE_METHOD_MATCH = YES;
				"CODE_SIGN_IDENTITY[sdk=iphoneos*]" = "iPhone Developer";
				COPY_PHASE_STRIP = NO;
				DEBUG_INFORMATION_FORMAT = dwarf;
				ENABLE_STRICT_OBJC_MSGSEND = YES;
				ENABLE_TESTABILITY = YES;
				GCC_C_LANGUAGE_STANDARD = gnu99;
				GCC_DYNAMIC_NO_PIC = NO;
				GCC_NO_COMMON_BLOCKS = YES;
				GCC_OPTIMIZATION_LEVEL = 0;
				GCC_PREPROCESSOR_DEFINITIONS = (
					"DEBUG=1",
					"$(inherited)",
				);
				GCC_WARN_64_TO_32_BIT_CONVERSION = YES;
				GCC_WARN_ABOUT_RETURN_TYPE = YES_ERROR;
				GCC_WARN_UNDECLARED_SELECTOR = YES;
				GCC_WARN_UNINITIALIZED_AUTOS = YES_AGGRESSIVE;
				GCC_WARN_UNUSED_FUNCTION = YES;
				GCC_WARN_UNUSED_VARIABLE = YES;
				IPHONEOS_DEPLOYMENT_TARGET = 10.3;
				MTL_ENABLE_DEBUG_INFO = YES;
				ONLY_ACTIVE_ARCH = YES;
				SDKROOT = iphoneos;
				TARGETED_DEVICE_FAMILY = "1,2";
			};
			name = Debug;
		};
		AD7B73721F189E5C0001F879 /* Release */ = {
			isa = XCBuildConfiguration;
			buildSettings = {
				ALWAYS_SEARCH_USER_PATHS = NO;
				CLANG_ANALYZER_NONNULL = YES;
				CLANG_ANALYZER_NUMBER_OBJECT_CONVERSION = YES_AGGRESSIVE;
				CLANG_CXX_LANGUAGE_STANDARD = "gnu++0x";
				CLANG_CXX_LIBRARY = "libc++";
				CLANG_ENABLE_MODULES = YES;
				CLANG_ENABLE_OBJC_ARC = YES;
				CLANG_WARN_BOOL_CONVERSION = YES;
				CLANG_WARN_CONSTANT_CONVERSION = YES;
				CLANG_WARN_DIRECT_OBJC_ISA_USAGE = YES_ERROR;
				CLANG_WARN_DOCUMENTATION_COMMENTS = YES;
				CLANG_WARN_EMPTY_BODY = YES;
				CLANG_WARN_ENUM_CONVERSION = YES;
				CLANG_WARN_INFINITE_RECURSION = YES;
				CLANG_WARN_INT_CONVERSION = YES;
				CLANG_WARN_OBJC_ROOT_CLASS = YES_ERROR;
				CLANG_WARN_SUSPICIOUS_MOVE = YES;
				CLANG_WARN_UNREACHABLE_CODE = YES;
				CLANG_WARN__DUPLICATE_METHOD_MATCH = YES;
				"CODE_SIGN_IDENTITY[sdk=iphoneos*]" = "iPhone Developer";
				COPY_PHASE_STRIP = NO;
				DEBUG_INFORMATION_FORMAT = "dwarf-with-dsym";
				ENABLE_NS_ASSERTIONS = NO;
				ENABLE_STRICT_OBJC_MSGSEND = YES;
				GCC_C_LANGUAGE_STANDARD = gnu99;
				GCC_NO_COMMON_BLOCKS = YES;
				GCC_WARN_64_TO_32_BIT_CONVERSION = YES;
				GCC_WARN_ABOUT_RETURN_TYPE = YES_ERROR;
				GCC_WARN_UNDECLARED_SELECTOR = YES;
				GCC_WARN_UNINITIALIZED_AUTOS = YES_AGGRESSIVE;
				GCC_WARN_UNUSED_FUNCTION = YES;
				GCC_WARN_UNUSED_VARIABLE = YES;
				IPHONEOS_DEPLOYMENT_TARGET = 10.3;
				MTL_ENABLE_DEBUG_INFO = NO;
				SDKROOT = iphoneos;
				TARGETED_DEVICE_FAMILY = "1,2";
				VALIDATE_PRODUCT = YES;
			};
			name = Release;
		};
		AD7B73741F189E5C0001F879 /* Debug */ = {
			isa = XCBuildConfiguration;
			buildSettings = {
				ASSETCATALOG_COMPILER_APPICON_NAME = AppIcon;
				INFOPLIST_FILE = CreatePDF/Info.plist;
				IPHONEOS_DEPLOYMENT_TARGET = 8.0;
				LD_RUNPATH_SEARCH_PATHS = "$(inherited) @executable_path/Frameworks";
				PRODUCT_BUNDLE_IDENTIFIER = com.task.www.CreatePDF;
				PRODUCT_NAME = "$(TARGET_NAME)";
			};
			name = Debug;
		};
		AD7B73751F189E5C0001F879 /* Release */ = {
			isa = XCBuildConfiguration;
			buildSettings = {
				ASSETCATALOG_COMPILER_APPICON_NAME = AppIcon;
				INFOPLIST_FILE = CreatePDF/Info.plist;
				IPHONEOS_DEPLOYMENT_TARGET = 8.0;
				LD_RUNPATH_SEARCH_PATHS = "$(inherited) @executable_path/Frameworks";
				PRODUCT_BUNDLE_IDENTIFIER = com.task.www.CreatePDF;
				PRODUCT_NAME = "$(TARGET_NAME)";
			};
			name = Release;
		};
/* End XCBuildConfiguration section */

/* Begin XCConfigurationList section */
		AD7B73571F189E5C0001F879 /* Build configuration list for PBXProject "CreatePDF" */ = {
			isa = XCConfigurationList;
			buildConfigurations = (
				AD7B73711F189E5C0001F879 /* Debug */,
				AD7B73721F189E5C0001F879 /* Release */,
			);
			defaultConfigurationIsVisible = 0;
			defaultConfigurationName = Release;
		};
		AD7B73731F189E5C0001F879 /* Build configuration list for PBXNativeTarget "CreatePDF" */ = {
			isa = XCConfigurationList;
			buildConfigurations = (
				AD7B73741F189E5C0001F879 /* Debug */,
				AD7B73751F189E5C0001F879 /* Release */,
			);
			defaultConfigurationIsVisible = 0;
			defaultConfigurationName = Release;
		};
/* End XCConfigurationList section */
	};
	rootObject = AD7B73541F189E5C0001F879 /* Project object */;
}
